// !$*UTF8*$!
{
	archiveVersion = 1;
	classes = {
	};
	objectVersion = 55;
	objects = {

/* Begin PBXBuildFile section */
		F700B52327AD37560097D532 /* AppDelegate.swift in Sources */ = {isa = PBXBuildFile; fileRef = F700B52227AD37560097D532 /* AppDelegate.swift */; };
		F700B52527AD37560097D532 /* SceneDelegate.swift in Sources */ = {isa = PBXBuildFile; fileRef = F700B52427AD37560097D532 /* SceneDelegate.swift */; };
		F700B52A27AD37560097D532 /* Main.storyboard in Resources */ = {isa = PBXBuildFile; fileRef = F700B52827AD37560097D532 /* Main.storyboard */; };
		F700B52C27AD37590097D532 /* Assets.xcassets in Resources */ = {isa = PBXBuildFile; fileRef = F700B52B27AD37590097D532 /* Assets.xcassets */; };
		F700B52F27AD37590097D532 /* LaunchScreen.storyboard in Resources */ = {isa = PBXBuildFile; fileRef = F700B52D27AD37590097D532 /* LaunchScreen.storyboard */; };
		F700B53C27AD37D60097D532 /* Realm in Frameworks */ = {isa = PBXBuildFile; productRef = F700B53B27AD37D60097D532 /* Realm */; };
		F700B53E27AD37D60097D532 /* RealmSwift in Frameworks */ = {isa = PBXBuildFile; productRef = F700B53D27AD37D60097D532 /* RealmSwift */; };
		F700B54127AD38150097D532 /* Alamofire in Frameworks */ = {isa = PBXBuildFile; productRef = F700B54027AD38150097D532 /* Alamofire */; };
		F7091B9327B6C0FA00C15353 /* FirstVC.swift in Sources */ = {isa = PBXBuildFile; fileRef = F7091B9227B6C0FA00C15353 /* FirstVC.swift */; };
		F7091B9527B6C10200C15353 /* SecondVC.swift in Sources */ = {isa = PBXBuildFile; fileRef = F7091B9427B6C10200C15353 /* SecondVC.swift */; };
		F7091B9727B6C15E00C15353 /* Session.swift in Sources */ = {isa = PBXBuildFile; fileRef = F7091B9627B6C15E00C15353 /* Session.swift */; };
		F73D08F627BD6FD10054ABC5 /* UIPractice.swift in Sources */ = {isa = PBXBuildFile; fileRef = F73D08F527BD6FD10054ABC5 /* UIPractice.swift */; };
		F752979D27BF6D090027A109 /* InfoData.swift in Sources */ = {isa = PBXBuildFile; fileRef = F752979C27BF6D090027A109 /* InfoData.swift */; };
		F77C91FC27D868520041785E /* DataViewController.swift in Sources */ = {isa = PBXBuildFile; fileRef = F77C91FB27D868520041785E /* DataViewController.swift */; };
		F77C91FE27D8685E0041785E /* DelegateViewController.swift in Sources */ = {isa = PBXBuildFile; fileRef = F77C91FD27D8685E0041785E /* DelegateViewController.swift */; };
		F77C920227D9F3300041785E /* ColorNotification.swift in Sources */ = {isa = PBXBuildFile; fileRef = F77C920127D9F32F0041785E /* ColorNotification.swift */; };
		F77C920427DF5CDD0041785E /* ViewAPIController.swift in Sources */ = {isa = PBXBuildFile; fileRef = F77C920327DF5CDD0041785E /* ViewAPIController.swift */; };
		F77C920627DF5CE40041785E /* Model.swift in Sources */ = {isa = PBXBuildFile; fileRef = F77C920527DF5CE40041785E /* Model.swift */; };
		F77C920827DF5CED0041785E /* API.swift in Sources */ = {isa = PBXBuildFile; fileRef = F77C920727DF5CED0041785E /* API.swift */; };
		F77C920A27DF5CF80041785E /* APIRealm.swift in Sources */ = {isa = PBXBuildFile; fileRef = F77C920927DF5CF80041785E /* APIRealm.swift */; };
		F77C921027DF92E20041785E /* PracticeView.swift in Sources */ = {isa = PBXBuildFile; fileRef = F77C920F27DF92E20041785E /* PracticeView.swift */; };
		F77C925827E7B3F70041785E /* View1.swift in Sources */ = {isa = PBXBuildFile; fileRef = F77C925727E7B3F70041785E /* View1.swift */; };
		F77C932727EA595F0041785E /* RealmModel.swift in Sources */ = {isa = PBXBuildFile; fileRef = F77C932627EA595F0041785E /* RealmModel.swift */; };
		F77C932927EA596E0041785E /* RealmViewController.swift in Sources */ = {isa = PBXBuildFile; fileRef = F77C932827EA596E0041785E /* RealmViewController.swift */; };
/* End PBXBuildFile section */

/* Begin PBXFileReference section */
		F700B51F27AD37560097D532 /* PracticeSwift.app */ = {isa = PBXFileReference; explicitFileType = wrapper.application; includeInIndex = 0; path = PracticeSwift.app; sourceTree = BUILT_PRODUCTS_DIR; };
		F700B52227AD37560097D532 /* AppDelegate.swift */ = {isa = PBXFileReference; lastKnownFileType = sourcecode.swift; path = AppDelegate.swift; sourceTree = "<group>"; };
		F700B52427AD37560097D532 /* SceneDelegate.swift */ = {isa = PBXFileReference; lastKnownFileType = sourcecode.swift; path = SceneDelegate.swift; sourceTree = "<group>"; };
		F700B52927AD37560097D532 /* Base */ = {isa = PBXFileReference; lastKnownFileType = file.storyboard; name = Base; path = Base.lproj/Main.storyboard; sourceTree = "<group>"; };
		F700B52B27AD37590097D532 /* Assets.xcassets */ = {isa = PBXFileReference; lastKnownFileType = folder.assetcatalog; path = Assets.xcassets; sourceTree = "<group>"; };
		F700B52E27AD37590097D532 /* Base */ = {isa = PBXFileReference; lastKnownFileType = file.storyboard; name = Base; path = Base.lproj/LaunchScreen.storyboard; sourceTree = "<group>"; };
		F700B53027AD37590097D532 /* Info.plist */ = {isa = PBXFileReference; lastKnownFileType = text.plist.xml; path = Info.plist; sourceTree = "<group>"; };
		F7091B9227B6C0FA00C15353 /* FirstVC.swift */ = {isa = PBXFileReference; lastKnownFileType = sourcecode.swift; path = FirstVC.swift; sourceTree = "<group>"; };
		F7091B9427B6C10200C15353 /* SecondVC.swift */ = {isa = PBXFileReference; lastKnownFileType = sourcecode.swift; path = SecondVC.swift; sourceTree = "<group>"; };
		F7091B9627B6C15E00C15353 /* Session.swift */ = {isa = PBXFileReference; lastKnownFileType = sourcecode.swift; path = Session.swift; sourceTree = "<group>"; };
		F73D08F527BD6FD10054ABC5 /* UIPractice.swift */ = {isa = PBXFileReference; lastKnownFileType = sourcecode.swift; path = UIPractice.swift; sourceTree = "<group>"; };
		F752979C27BF6D090027A109 /* InfoData.swift */ = {isa = PBXFileReference; lastKnownFileType = sourcecode.swift; path = InfoData.swift; sourceTree = "<group>"; };
		F77C91FB27D868520041785E /* DataViewController.swift */ = {isa = PBXFileReference; lastKnownFileType = sourcecode.swift; path = DataViewController.swift; sourceTree = "<group>"; };
		F77C91FD27D8685E0041785E /* DelegateViewController.swift */ = {isa = PBXFileReference; lastKnownFileType = sourcecode.swift; path = DelegateViewController.swift; sourceTree = "<group>"; };
		F77C920127D9F32F0041785E /* ColorNotification.swift */ = {isa = PBXFileReference; lastKnownFileType = sourcecode.swift; path = ColorNotification.swift; sourceTree = "<group>"; };
		F77C920327DF5CDD0041785E /* ViewAPIController.swift */ = {isa = PBXFileReference; lastKnownFileType = sourcecode.swift; path = ViewAPIController.swift; sourceTree = "<group>"; };
		F77C920527DF5CE40041785E /* Model.swift */ = {isa = PBXFileReference; lastKnownFileType = sourcecode.swift; path = Model.swift; sourceTree = "<group>"; };
		F77C920727DF5CED0041785E /* API.swift */ = {isa = PBXFileReference; lastKnownFileType = sourcecode.swift; path = API.swift; sourceTree = "<group>"; };
		F77C920927DF5CF80041785E /* APIRealm.swift */ = {isa = PBXFileReference; lastKnownFileType = sourcecode.swift; path = APIRealm.swift; sourceTree = "<group>"; };
		F77C920F27DF92E20041785E /* PracticeView.swift */ = {isa = PBXFileReference; lastKnownFileType = sourcecode.swift; path = PracticeView.swift; sourceTree = "<group>"; };
		F77C925727E7B3F70041785E /* View1.swift */ = {isa = PBXFileReference; lastKnownFileType = sourcecode.swift; path = View1.swift; sourceTree = "<group>"; };
		F77C932627EA595F0041785E /* RealmModel.swift */ = {isa = PBXFileReference; lastKnownFileType = sourcecode.swift; path = RealmModel.swift; sourceTree = "<group>"; };
		F77C932827EA596E0041785E /* RealmViewController.swift */ = {isa = PBXFileReference; lastKnownFileType = sourcecode.swift; path = RealmViewController.swift; sourceTree = "<group>"; };
/* End PBXFileReference section */

/* Begin PBXFrameworksBuildPhase section */
		F700B51C27AD37560097D532 /* Frameworks */ = {
			isa = PBXFrameworksBuildPhase;
			buildActionMask = 2147483647;
			files = (
				F700B54127AD38150097D532 /* Alamofire in Frameworks */,
				F700B53E27AD37D60097D532 /* RealmSwift in Frameworks */,
				F700B53C27AD37D60097D532 /* Realm in Frameworks */,
			);
			runOnlyForDeploymentPostprocessing = 0;
		};
/* End PBXFrameworksBuildPhase section */

/* Begin PBXGroup section */
		F700B51627AD37560097D532 = {
			isa = PBXGroup;
			children = (
				F700B52127AD37560097D532 /* PracticeSwift */,
				F700B52027AD37560097D532 /* Products */,
			);
			sourceTree = "<group>";
		};
		F700B52027AD37560097D532 /* Products */ = {
			isa = PBXGroup;
			children = (
				F700B51F27AD37560097D532 /* PracticeSwift.app */,
			);
			name = Products;
			sourceTree = "<group>";
		};
		F700B52127AD37560097D532 /* PracticeSwift */ = {
			isa = PBXGroup;
			children = (
				F700B52227AD37560097D532 /* AppDelegate.swift */,
				F700B52427AD37560097D532 /* SceneDelegate.swift */,
				F77C932A27EA59730041785E /* Realm */,
				F77C921127DF92E50041785E /* PracitceView */,
				F77C920B27DF5D010041785E /* API */,
				F77C91FF27D868980041785E /* Delegate */,
				F73D08F727BD70C50054ABC5 /* UIPtactice */,
				F73D08F427BD6F3A0054ABC5 /* Notification */,
				F7091B9827B6C18A00C15353 /* Singleton */,
				F700B52827AD37560097D532 /* Main.storyboard */,
				F700B52B27AD37590097D532 /* Assets.xcassets */,
				F700B52D27AD37590097D532 /* LaunchScreen.storyboard */,
				F700B53027AD37590097D532 /* Info.plist */,
				F752979E27BF6D240027A109 /* InfoData */,
			);
			path = PracticeSwift;
			sourceTree = "<group>";
		};
		F7091B9827B6C18A00C15353 /* Singleton */ = {
			isa = PBXGroup;
			children = (
				F7091B9627B6C15E00C15353 /* Session.swift */,
				F7091B9927B6C19100C15353 /* SingletonControllers */,
			);
			path = Singleton;
			sourceTree = "<group>";
		};
		F7091B9927B6C19100C15353 /* SingletonControllers */ = {
			isa = PBXGroup;
			children = (
				F7091B9227B6C0FA00C15353 /* FirstVC.swift */,
				F7091B9427B6C10200C15353 /* SecondVC.swift */,
			);
			path = SingletonControllers;
			sourceTree = "<group>";
		};
		F73D08F427BD6F3A0054ABC5 /* Notification */ = {
			isa = PBXGroup;
			children = (
				F77C920127D9F32F0041785E /* ColorNotification.swift */,
			);
			path = Notification;
			sourceTree = "<group>";
		};
		F73D08F727BD70C50054ABC5 /* UIPtactice */ = {
			isa = PBXGroup;
			children = (
				F73D08F527BD6FD10054ABC5 /* UIPractice.swift */,
			);
			path = UIPtactice;
			sourceTree = "<group>";
		};
		F752979E27BF6D240027A109 /* InfoData */ = {
			isa = PBXGroup;
			children = (
				F752979C27BF6D090027A109 /* InfoData.swift */,
			);
			path = InfoData;
			sourceTree = "<group>";
		};
		F77C91FF27D868980041785E /* Delegate */ = {
			isa = PBXGroup;
			children = (
				F77C920027D868B90041785E /* DelegateViewController */,
			);
			path = Delegate;
			sourceTree = "<group>";
		};
		F77C920027D868B90041785E /* DelegateViewController */ = {
			isa = PBXGroup;
			children = (
				F77C91FB27D868520041785E /* DataViewController.swift */,
				F77C91FD27D8685E0041785E /* DelegateViewController.swift */,
			);
			path = DelegateViewController;
			sourceTree = "<group>";
		};
		F77C920B27DF5D010041785E /* API */ = {
			isa = PBXGroup;
			children = (
				F77C920C27DF5D090041785E /* View */,
				F77C920D27DF5D140041785E /* Model */,
				F77C920E27DF5D1C0041785E /* Services */,
			);
			path = API;
			sourceTree = "<group>";
		};
		F77C920C27DF5D090041785E /* View */ = {
			isa = PBXGroup;
			children = (
				F77C920327DF5CDD0041785E /* ViewAPIController.swift */,
			);
			path = View;
			sourceTree = "<group>";
		};
		F77C920D27DF5D140041785E /* Model */ = {
			isa = PBXGroup;
			children = (
				F77C920527DF5CE40041785E /* Model.swift */,
			);
			path = Model;
			sourceTree = "<group>";
		};
		F77C920E27DF5D1C0041785E /* Services */ = {
			isa = PBXGroup;
			children = (
				F77C920727DF5CED0041785E /* API.swift */,
				F77C920927DF5CF80041785E /* APIRealm.swift */,
			);
			path = Services;
			sourceTree = "<group>";
		};
		F77C921127DF92E50041785E /* PracitceView */ = {
			isa = PBXGroup;
			children = (
				F77C920F27DF92E20041785E /* PracticeView.swift */,
				F77C925727E7B3F70041785E /* View1.swift */,
			);
			path = PracitceView;
			sourceTree = "<group>";
		};
		F77C932A27EA59730041785E /* Realm */ = {
			isa = PBXGroup;
			children = (
				F77C932627EA595F0041785E /* RealmModel.swift */,
				F77C932827EA596E0041785E /* RealmViewController.swift */,
			);
			path = Realm;
			sourceTree = "<group>";
		};
/* End PBXGroup section */

/* Begin PBXNativeTarget section */
		F700B51E27AD37560097D532 /* PracticeSwift */ = {
			isa = PBXNativeTarget;
			buildConfigurationList = F700B53327AD37590097D532 /* Build configuration list for PBXNativeTarget "PracticeSwift" */;
			buildPhases = (
				F700B51B27AD37560097D532 /* Sources */,
				F700B51C27AD37560097D532 /* Frameworks */,
				F700B51D27AD37560097D532 /* Resources */,
			);
			buildRules = (
			);
			dependencies = (
			);
			name = PracticeSwift;
			packageProductDependencies = (
				F700B53B27AD37D60097D532 /* Realm */,
				F700B53D27AD37D60097D532 /* RealmSwift */,
				F700B54027AD38150097D532 /* Alamofire */,
			);
			productName = PracticeSwift;
			productReference = F700B51F27AD37560097D532 /* PracticeSwift.app */;
			productType = "com.apple.product-type.application";
		};
/* End PBXNativeTarget section */

/* Begin PBXProject section */
		F700B51727AD37560097D532 /* Project object */ = {
			isa = PBXProject;
			attributes = {
				BuildIndependentTargetsInParallel = 1;
				LastSwiftUpdateCheck = 1320;
				LastUpgradeCheck = 1320;
				TargetAttributes = {
					F700B51E27AD37560097D532 = {
						CreatedOnToolsVersion = 13.2;
					};
				};
			};
			buildConfigurationList = F700B51A27AD37560097D532 /* Build configuration list for PBXProject "PracticeSwift" */;
			compatibilityVersion = "Xcode 13.0";
			developmentRegion = en;
			hasScannedForEncodings = 0;
			knownRegions = (
				en,
				Base,
			);
			mainGroup = F700B51627AD37560097D532;
			packageReferences = (
				F700B53A27AD37D60097D532 /* XCRemoteSwiftPackageReference "realm-swift" */,
				F700B53F27AD38150097D532 /* XCRemoteSwiftPackageReference "Alamofire" */,
			);
			productRefGroup = F700B52027AD37560097D532 /* Products */;
			projectDirPath = "";
			projectRoot = "";
			targets = (
				F700B51E27AD37560097D532 /* PracticeSwift */,
			);
		};
/* End PBXProject section */

/* Begin PBXResourcesBuildPhase section */
		F700B51D27AD37560097D532 /* Resources */ = {
			isa = PBXResourcesBuildPhase;
			buildActionMask = 2147483647;
			files = (
				F700B52F27AD37590097D532 /* LaunchScreen.storyboard in Resources */,
				F700B52C27AD37590097D532 /* Assets.xcassets in Resources */,
				F700B52A27AD37560097D532 /* Main.storyboard in Resources */,
			);
			runOnlyForDeploymentPostprocessing = 0;
		};
/* End PBXResourcesBuildPhase section */

/* Begin PBXSourcesBuildPhase section */
		F700B51B27AD37560097D532 /* Sources */ = {
			isa = PBXSourcesBuildPhase;
			buildActionMask = 2147483647;
			files = (
				F700B52327AD37560097D532 /* AppDelegate.swift in Sources */,
				F77C91FE27D8685E0041785E /* DelegateViewController.swift in Sources */,
				F7091B9327B6C0FA00C15353 /* FirstVC.swift in Sources */,
				F77C921027DF92E20041785E /* PracticeView.swift in Sources */,
				F77C925827E7B3F70041785E /* View1.swift in Sources */,
				F700B52527AD37560097D532 /* SceneDelegate.swift in Sources */,
				F77C932927EA596E0041785E /* RealmViewController.swift in Sources */,
				F77C920A27DF5CF80041785E /* APIRealm.swift in Sources */,
				F77C920827DF5CED0041785E /* API.swift in Sources */,
				F7091B9527B6C10200C15353 /* SecondVC.swift in Sources */,
				F77C920227D9F3300041785E /* ColorNotification.swift in Sources */,
				F77C920627DF5CE40041785E /* Model.swift in Sources */,
				F77C91FC27D868520041785E /* DataViewController.swift in Sources */,
				F77C932727EA595F0041785E /* RealmModel.swift in Sources */,
				F73D08F627BD6FD10054ABC5 /* UIPractice.swift in Sources */,
				F752979D27BF6D090027A109 /* InfoData.swift in Sources */,
				F77C920427DF5CDD0041785E /* ViewAPIController.swift in Sources */,
				F7091B9727B6C15E00C15353 /* Session.swift in Sources */,
			);
			runOnlyForDeploymentPostprocessing = 0;
		};
/* End PBXSourcesBuildPhase section */

/* Begin PBXVariantGroup section */
		F700B52827AD37560097D532 /* Main.storyboard */ = {
			isa = PBXVariantGroup;
			children = (
				F700B52927AD37560097D532 /* Base */,
			);
			name = Main.storyboard;
			sourceTree = "<group>";
		};
		F700B52D27AD37590097D532 /* LaunchScreen.storyboard */ = {
			isa = PBXVariantGroup;
			children = (
				F700B52E27AD37590097D532 /* Base */,
			);
			name = LaunchScreen.storyboard;
			sourceTree = "<group>";
		};
/* End PBXVariantGroup section */

/* Begin XCBuildConfiguration section */
		F700B53127AD37590097D532 /* Debug */ = {
			isa = XCBuildConfiguration;
			buildSettings = {
				ALWAYS_SEARCH_USER_PATHS = NO;
				CLANG_ANALYZER_NONNULL = YES;
				CLANG_ANALYZER_NUMBER_OBJECT_CONVERSION = YES_AGGRESSIVE;
				CLANG_CXX_LANGUAGE_STANDARD = "gnu++17";
				CLANG_CXX_LIBRARY = "libc++";
				CLANG_ENABLE_MODULES = YES;
				CLANG_ENABLE_OBJC_ARC = YES;
				CLANG_ENABLE_OBJC_WEAK = YES;
				CLANG_WARN_BLOCK_CAPTURE_AUTORELEASING = YES;
				CLANG_WARN_BOOL_CONVERSION = YES;
				CLANG_WARN_COMMA = YES;
				CLANG_WARN_CONSTANT_CONVERSION = YES;
				CLANG_WARN_DEPRECATED_OBJC_IMPLEMENTATIONS = YES;
				CLANG_WARN_DIRECT_OBJC_ISA_USAGE = YES_ERROR;
				CLANG_WARN_DOCUMENTATION_COMMENTS = YES;
				CLANG_WARN_EMPTY_BODY = YES;
				CLANG_WARN_ENUM_CONVERSION = YES;
				CLANG_WARN_INFINITE_RECURSION = YES;
				CLANG_WARN_INT_CONVERSION = YES;
				CLANG_WARN_NON_LITERAL_NULL_CONVERSION = YES;
				CLANG_WARN_OBJC_IMPLICIT_RETAIN_SELF = YES;
				CLANG_WARN_OBJC_LITERAL_CONVERSION = YES;
				CLANG_WARN_OBJC_ROOT_CLASS = YES_ERROR;
				CLANG_WARN_QUOTED_INCLUDE_IN_FRAMEWORK_HEADER = YES;
				CLANG_WARN_RANGE_LOOP_ANALYSIS = YES;
				CLANG_WARN_STRICT_PROTOTYPES = YES;
				CLANG_WARN_SUSPICIOUS_MOVE = YES;
				CLANG_WARN_UNGUARDED_AVAILABILITY = YES_AGGRESSIVE;
				CLANG_WARN_UNREACHABLE_CODE = YES;
				CLANG_WARN__DUPLICATE_METHOD_MATCH = YES;
				COPY_PHASE_STRIP = NO;
				DEBUG_INFORMATION_FORMAT = dwarf;
				ENABLE_STRICT_OBJC_MSGSEND = YES;
				ENABLE_TESTABILITY = YES;
				GCC_C_LANGUAGE_STANDARD = gnu11;
				GCC_DYNAMIC_NO_PIC = NO;
				GCC_NO_COMMON_BLOCKS = YES;
				GCC_OPTIMIZATION_LEVEL = 0;
				GCC_PREPROCESSOR_DEFINITIONS = (
					"DEBUG=1",
					"$(inherited)",
				);
				GCC_WARN_64_TO_32_BIT_CONVERSION = YES;
				GCC_WARN_ABOUT_RETURN_TYPE = YES_ERROR;
				GCC_WARN_UNDECLARED_SELECTOR = YES;
				GCC_WARN_UNINITIALIZED_AUTOS = YES_AGGRESSIVE;
				GCC_WARN_UNUSED_FUNCTION = YES;
				GCC_WARN_UNUSED_VARIABLE = YES;
				IPHONEOS_DEPLOYMENT_TARGET = 15.2;
				MTL_ENABLE_DEBUG_INFO = INCLUDE_SOURCE;
				MTL_FAST_MATH = YES;
				ONLY_ACTIVE_ARCH = YES;
				SDKROOT = iphoneos;
				SWIFT_ACTIVE_COMPILATION_CONDITIONS = DEBUG;
				SWIFT_OPTIMIZATION_LEVEL = "-Onone";
			};
			name = Debug;
		};
		F700B53227AD37590097D532 /* Release */ = {
			isa = XCBuildConfiguration;
			buildSettings = {
				ALWAYS_SEARCH_USER_PATHS = NO;
				CLANG_ANALYZER_NONNULL = YES;
				CLANG_ANALYZER_NUMBER_OBJECT_CONVERSION = YES_AGGRESSIVE;
				CLANG_CXX_LANGUAGE_STANDARD = "gnu++17";
				CLANG_CXX_LIBRARY = "libc++";
				CLANG_ENABLE_MODULES = YES;
				CLANG_ENABLE_OBJC_ARC = YES;
				CLANG_ENABLE_OBJC_WEAK = YES;
				CLANG_WARN_BLOCK_CAPTURE_AUTORELEASING = YES;
				CLANG_WARN_BOOL_CONVERSION = YES;
				CLANG_WARN_COMMA = YES;
				CLANG_WARN_CONSTANT_CONVERSION = YES;
				CLANG_WARN_DEPRECATED_OBJC_IMPLEMENTATIONS = YES;
				CLANG_WARN_DIRECT_OBJC_ISA_USAGE = YES_ERROR;
				CLANG_WARN_DOCUMENTATION_COMMENTS = YES;
				CLANG_WARN_EMPTY_BODY = YES;
				CLANG_WARN_ENUM_CONVERSION = YES;
				CLANG_WARN_INFINITE_RECURSION = YES;
				CLANG_WARN_INT_CONVERSION = YES;
				CLANG_WARN_NON_LITERAL_NULL_CONVERSION = YES;
				CLANG_WARN_OBJC_IMPLICIT_RETAIN_SELF = YES;
				CLANG_WARN_OBJC_LITERAL_CONVERSION = YES;
				CLANG_WARN_OBJC_ROOT_CLASS = YES_ERROR;
				CLANG_WARN_QUOTED_INCLUDE_IN_FRAMEWORK_HEADER = YES;
				CLANG_WARN_RANGE_LOOP_ANALYSIS = YES;
				CLANG_WARN_STRICT_PROTOTYPES = YES;
				CLANG_WARN_SUSPICIOUS_MOVE = YES;
				CLANG_WARN_UNGUARDED_AVAILABILITY = YES_AGGRESSIVE;
				CLANG_WARN_UNREACHABLE_CODE = YES;
				CLANG_WARN__DUPLICATE_METHOD_MATCH = YES;
				COPY_PHASE_STRIP = NO;
				DEBUG_INFORMATION_FORMAT = "dwarf-with-dsym";
				ENABLE_NS_ASSERTIONS = NO;
				ENABLE_STRICT_OBJC_MSGSEND = YES;
				GCC_C_LANGUAGE_STANDARD = gnu11;
				GCC_NO_COMMON_BLOCKS = YES;
				GCC_WARN_64_TO_32_BIT_CONVERSION = YES;
				GCC_WARN_ABOUT_RETURN_TYPE = YES_ERROR;
				GCC_WARN_UNDECLARED_SELECTOR = YES;
				GCC_WARN_UNINITIALIZED_AUTOS = YES_AGGRESSIVE;
				GCC_WARN_UNUSED_FUNCTION = YES;
				GCC_WARN_UNUSED_VARIABLE = YES;
				IPHONEOS_DEPLOYMENT_TARGET = 15.2;
				MTL_ENABLE_DEBUG_INFO = NO;
				MTL_FAST_MATH = YES;
				SDKROOT = iphoneos;
				SWIFT_COMPILATION_MODE = wholemodule;
				SWIFT_OPTIMIZATION_LEVEL = "-O";
				VALIDATE_PRODUCT = YES;
			};
			name = Release;
		};
		F700B53427AD37590097D532 /* Debug */ = {
			isa = XCBuildConfiguration;
			buildSettings = {
				ASSETCATALOG_COMPILER_APPICON_NAME = AppIcon;
				ASSETCATALOG_COMPILER_GLOBAL_ACCENT_COLOR_NAME = AccentColor;
				CODE_SIGN_STYLE = Automatic;
				CURRENT_PROJECT_VERSION = 1;
				DEVELOPMENT_TEAM = NX4Z863YP5;
				GENERATE_INFOPLIST_FILE = YES;
				INFOPLIST_FILE = PracticeSwift/Info.plist;
				INFOPLIST_KEY_UIApplicationSupportsIndirectInputEvents = YES;
				INFOPLIST_KEY_UILaunchStoryboardName = LaunchScreen;
				INFOPLIST_KEY_UIMainStoryboardFile = Main;
				INFOPLIST_KEY_UISupportedInterfaceOrientations_iPad = "UIInterfaceOrientationPortrait UIInterfaceOrientationPortraitUpsideDown UIInterfaceOrientationLandscapeLeft UIInterfaceOrientationLandscapeRight";
				INFOPLIST_KEY_UISupportedInterfaceOrientations_iPhone = "UIInterfaceOrientationPortrait UIInterfaceOrientationLandscapeLeft UIInterfaceOrientationLandscapeRight";
				LD_RUNPATH_SEARCH_PATHS = (
					"$(inherited)",
					"@executable_path/Frameworks",
				);
				MARKETING_VERSION = 1.0;
				PRODUCT_BUNDLE_IDENTIFIER = voitivit.PracticeSwift;
				PRODUCT_NAME = "$(TARGET_NAME)";
				SWIFT_EMIT_LOC_STRINGS = YES;
				SWIFT_VERSION = 5.0;
				TARGETED_DEVICE_FAMILY = "1,2";
			};
			name = Debug;
		};
		F700B53527AD37590097D532 /* Release */ = {
			isa = XCBuildConfiguration;
			buildSettings = {
				ASSETCATALOG_COMPILER_APPICON_NAME = AppIcon;
				ASSETCATALOG_COMPILER_GLOBAL_ACCENT_COLOR_NAME = AccentColor;
				CODE_SIGN_STYLE = Automatic;
				CURRENT_PROJECT_VERSION = 1;
				DEVELOPMENT_TEAM = NX4Z863YP5;
				GENERATE_INFOPLIST_FILE = YES;
				INFOPLIST_FILE = PracticeSwift/Info.plist;
				INFOPLIST_KEY_UIApplicationSupportsIndirectInputEvents = YES;
				INFOPLIST_KEY_UILaunchStoryboardName = LaunchScreen;
				INFOPLIST_KEY_UIMainStoryboardFile = Main;
				INFOPLIST_KEY_UISupportedInterfaceOrientations_iPad = "UIInterfaceOrientationPortrait UIInterfaceOrientationPortraitUpsideDown UIInterfaceOrientationLandscapeLeft UIInterfaceOrientationLandscapeRight";
				INFOPLIST_KEY_UISupportedInterfaceOrientations_iPhone = "UIInterfaceOrientationPortrait UIInterfaceOrientationLandscapeLeft UIInterfaceOrientationLandscapeRight";
				LD_RUNPATH_SEARCH_PATHS = (
					"$(inherited)",
					"@executable_path/Frameworks",
				);
				MARKETING_VERSION = 1.0;
				PRODUCT_BUNDLE_IDENTIFIER = voitivit.PracticeSwift;
				PRODUCT_NAME = "$(TARGET_NAME)";
				SWIFT_EMIT_LOC_STRINGS = YES;
				SWIFT_VERSION = 5.0;
				TARGETED_DEVICE_FAMILY = "1,2";
			};
			name = Release;
		};
/* End XCBuildConfiguration section */

/* Begin XCConfigurationList section */
		F700B51A27AD37560097D532 /* Build configuration list for PBXProject "PracticeSwift" */ = {
			isa = XCConfigurationList;
			buildConfigurations = (
				F700B53127AD37590097D532 /* Debug */,
				F700B53227AD37590097D532 /* Release */,
			);
			defaultConfigurationIsVisible = 0;
			defaultConfigurationName = Release;
		};
		F700B53327AD37590097D532 /* Build configuration list for PBXNativeTarget "PracticeSwift" */ = {
			isa = XCConfigurationList;
			buildConfigurations = (
				F700B53427AD37590097D532 /* Debug */,
				F700B53527AD37590097D532 /* Release */,
			);
			defaultConfigurationIsVisible = 0;
			defaultConfigurationName = Release;
		};
/* End XCConfigurationList section */

/* Begin XCRemoteSwiftPackageReference section */
		F700B53A27AD37D60097D532 /* XCRemoteSwiftPackageReference "realm-swift" */ = {
			isa = XCRemoteSwiftPackageReference;
			repositoryURL = "https://github.com/realm/realm-swift.git";
			requirement = {
				branch = master;
				kind = branch;
			};
		};
		F700B53F27AD38150097D532 /* XCRemoteSwiftPackageReference "Alamofire" */ = {
			isa = XCRemoteSwiftPackageReference;
			repositoryURL = "https://github.com/Alamofire/Alamofire.git";
			requirement = {
				branch = master;
				kind = branch;
			};
		};
/* End XCRemoteSwiftPackageReference section */

/* Begin XCSwiftPackageProductDependency section */
		F700B53B27AD37D60097D532 /* Realm */ = {
			isa = XCSwiftPackageProductDependency;
			package = F700B53A27AD37D60097D532 /* XCRemoteSwiftPackageReference "realm-swift" */;
			productName = Realm;
		};
		F700B53D27AD37D60097D532 /* RealmSwift */ = {
			isa = XCSwiftPackageProductDependency;
			package = F700B53A27AD37D60097D532 /* XCRemoteSwiftPackageReference "realm-swift" */;
			productName = RealmSwift;
		};
		F700B54027AD38150097D532 /* Alamofire */ = {
			isa = XCSwiftPackageProductDependency;
			package = F700B53F27AD38150097D532 /* XCRemoteSwiftPackageReference "Alamofire" */;
			productName = Alamofire;
		};
/* End XCSwiftPackageProductDependency section */
	};
	rootObject = F700B51727AD37560097D532 /* Project object */;
}
